
Microsoft Visual Studio Solution File, Format Version 12.00
# Visual Studio Version 16
VisualStudioVersion = 16.0.30611.23
MinimumVisualStudioVersion = 10.0.40219.1
Project("{FAE04EC0-301F-11D3-BF4B-00C04F79EFBC}") = "MyWebApp2", "MyWebApp2\MyWebApp2.csproj", "{81299B19-845D-4F1A-89D4-C86F3AE6BC15}"
EndProject
Global
	GlobalSection(SolutionConfigurationPlatforms) = preSolution
		Debug|Any CPU = Debug|Any CPU
		Release|Any CPU = Release|Any CPU
	EndGlobalSection
	GlobalSection(ProjectConfigurationPlatforms) = postSolution
		{81299B19-845D-4F1A-89D4-C86F3AE6BC15}.Debug|Any CPU.ActiveCfg = Debug|Any CPU
		{81299B19-845D-4F1A-89D4-C86F3AE6BC15}.Debug|Any CPU.Build.0 = Debug|Any CPU
		{81299B19-845D-4F1A-89D4-C86F3AE6BC15}.Release|Any CPU.ActiveCfg = Release|Any CPU
		{81299B19-845D-4F1A-89D4-C86F3AE6BC15}.Release|Any CPU.Build.0 = Release|Any CPU
	EndGlobalSection
	GlobalSection(SolutionProperties) = preSolution
		HideSolutionNode = FALSE
	EndGlobalSection
	GlobalSection(ExtensibilityGlobals) = postSolution
		SolutionGuid = {22D7533D-B639-4FA0-A81B-0B6434480392}
	EndGlobalSection
EndGlobal
